// !$*UTF8*$!
{
	archiveVersion = 1;
	classes = {
	};
	objectVersion = 51;
	objects = {

/* Begin PBXBuildFile section */
		84174AE723A79B4B007D9162 /* SideMenuViewController.swift in Sources */ = {isa = PBXBuildFile; fileRef = 84174AE623A79B4B007D9162 /* SideMenuViewController.swift */; };
		842DBC3C23D9BD4C0087D779 /* EditItemViewController.swift in Sources */ = {isa = PBXBuildFile; fileRef = 842DBC3B23D9BD4C0087D779 /* EditItemViewController.swift */; };
		842DBC3E23D9BDE40087D779 /* UIViewController-Extension.swift in Sources */ = {isa = PBXBuildFile; fileRef = 842DBC3D23D9BDE40087D779 /* UIViewController-Extension.swift */; };
		842DBC4023D9E1160087D779 /* EditItemViewModel.swift in Sources */ = {isa = PBXBuildFile; fileRef = 842DBC3F23D9E1160087D779 /* EditItemViewModel.swift */; };
		8439C24223A0D5B10051FB60 /* CategoriesService.swift in Sources */ = {isa = PBXBuildFile; fileRef = 8439C24123A0D5B10051FB60 /* CategoriesService.swift */; };
		8439C24423A0D6F80051FB60 /* Category.swift in Sources */ = {isa = PBXBuildFile; fileRef = 8439C24323A0D6F80051FB60 /* Category.swift */; };
		8439C24723A0D8B40051FB60 /* DepartmentViewModel.swift in Sources */ = {isa = PBXBuildFile; fileRef = 8439C24623A0D8B40051FB60 /* DepartmentViewModel.swift */; };
		8439C24923A0DAAF0051FB60 /* CategoryCellViewModel.swift in Sources */ = {isa = PBXBuildFile; fileRef = 8439C24823A0DAAF0051FB60 /* CategoryCellViewModel.swift */; };
		8439C24B23A0DB290051FB60 /* ProductCellViewModel.swift in Sources */ = {isa = PBXBuildFile; fileRef = 8439C24A23A0DB290051FB60 /* ProductCellViewModel.swift */; };
		8439C24F23A0EC5A0051FB60 /* CategoryCell.swift in Sources */ = {isa = PBXBuildFile; fileRef = 8439C24D23A0EC5A0051FB60 /* CategoryCell.swift */; };
		8439C25023A0EC5A0051FB60 /* CategoryCell.xib in Resources */ = {isa = PBXBuildFile; fileRef = 8439C24E23A0EC5A0051FB60 /* CategoryCell.xib */; };
		8439C25223A0EEE70051FB60 /* UICollectionViewNibExtension.swift in Sources */ = {isa = PBXBuildFile; fileRef = 8439C25123A0EEE70051FB60 /* UICollectionViewNibExtension.swift */; };
		8439C25423A11C830051FB60 /* ProductsService.swift in Sources */ = {isa = PBXBuildFile; fileRef = 8439C25323A11C830051FB60 /* ProductsService.swift */; };
		8439C25823A127B30051FB60 /* ProductCell.swift in Sources */ = {isa = PBXBuildFile; fileRef = 8439C25623A127B30051FB60 /* ProductCell.swift */; };
		8439C25923A127B30051FB60 /* ProductCell.xib in Resources */ = {isa = PBXBuildFile; fileRef = 8439C25723A127B30051FB60 /* ProductCell.xib */; };
		843EA979239F8A570092701D /* Product.swift in Sources */ = {isa = PBXBuildFile; fileRef = 843EA978239F8A570092701D /* Product.swift */; };
		843EA97B239F8BF00092701D /* Products.swift in Sources */ = {isa = PBXBuildFile; fileRef = 843EA97A239F8BF00092701D /* Products.swift */; };
		843EA97D239F8EE80092701D /* Department.swift in Sources */ = {isa = PBXBuildFile; fileRef = 843EA97C239F8EE80092701D /* Department.swift */; };
		843EA981239FAB410092701D /* DepartmentCell.swift in Sources */ = {isa = PBXBuildFile; fileRef = 843EA97F239FAB410092701D /* DepartmentCell.swift */; };
		843EA982239FAB410092701D /* DepartmentCell.xib in Resources */ = {isa = PBXBuildFile; fileRef = 843EA980239FAB410092701D /* DepartmentCell.xib */; };
		843EA984239FACE10092701D /* UITableViewNibExtension.swift in Sources */ = {isa = PBXBuildFile; fileRef = 843EA983239FACE10092701D /* UITableViewNibExtension.swift */; };
		8443073D239FB00700FCBBFB /* ShopViewModel.swift in Sources */ = {isa = PBXBuildFile; fileRef = 8443073C239FB00700FCBBFB /* ShopViewModel.swift */; };
		8443073F239FB02200FCBBFB /* DepartmentCellViewModel.swift in Sources */ = {isa = PBXBuildFile; fileRef = 8443073E239FB02200FCBBFB /* DepartmentCellViewModel.swift */; };
		84430741239FB1B000FCBBFB /* DepartmentsService.swift in Sources */ = {isa = PBXBuildFile; fileRef = 84430740239FB1B000FCBBFB /* DepartmentsService.swift */; };
		84430745239FD5E600FCBBFB /* DepartmentViewController.swift in Sources */ = {isa = PBXBuildFile; fileRef = 84430744239FD5E600FCBBFB /* DepartmentViewController.swift */; };
		8446375123A24E94002825C2 /* ProductDetailsViewController.swift in Sources */ = {isa = PBXBuildFile; fileRef = 8446375023A24E94002825C2 /* ProductDetailsViewController.swift */; };
		8446375423A261D0002825C2 /* ProductDetailsViewModel.swift in Sources */ = {isa = PBXBuildFile; fileRef = 8446375323A261D0002825C2 /* ProductDetailsViewModel.swift */; };
		8446375623A262A9002825C2 /* ProductDetails.swift in Sources */ = {isa = PBXBuildFile; fileRef = 8446375523A262A9002825C2 /* ProductDetails.swift */; };
		8446375A23A26D58002825C2 /* ProductImageCell.swift in Sources */ = {isa = PBXBuildFile; fileRef = 8446375823A26D58002825C2 /* ProductImageCell.swift */; };
		8446375B23A26D58002825C2 /* ProductImageCell.xib in Resources */ = {isa = PBXBuildFile; fileRef = 8446375923A26D58002825C2 /* ProductImageCell.xib */; };
		8446375D23A26DD5002825C2 /* ProductImageCellViewModel.swift in Sources */ = {isa = PBXBuildFile; fileRef = 8446375C23A26DD5002825C2 /* ProductImageCellViewModel.swift */; };
		8446376023A28611002825C2 /* CustomizeView.swift in Sources */ = {isa = PBXBuildFile; fileRef = 8446375F23A28611002825C2 /* CustomizeView.swift */; };
		8446376223A28689002825C2 /* CustomizeView.xib in Resources */ = {isa = PBXBuildFile; fileRef = 8446376123A28689002825C2 /* CustomizeView.xib */; };
		8446A8B823DD8E2600131758 /* SelectRegionViewController.swift in Sources */ = {isa = PBXBuildFile; fileRef = 8446A8B723DD8E2600131758 /* SelectRegionViewController.swift */; };
		8446A8BA23DD8F1E00131758 /* SelectRegionViewModel.swift in Sources */ = {isa = PBXBuildFile; fileRef = 8446A8B923DD8F1E00131758 /* SelectRegionViewModel.swift */; };
		8446A8BD23DDA2CC00131758 /* SelectShippingViewController.swift in Sources */ = {isa = PBXBuildFile; fileRef = 8446A8BC23DDA2CC00131758 /* SelectShippingViewController.swift */; };
		8446A8BF23DDA5F400131758 /* SelectShippingViewModel.swift in Sources */ = {isa = PBXBuildFile; fileRef = 8446A8BE23DDA5F400131758 /* SelectShippingViewModel.swift */; };
		8446A8C123DDB34700131758 /* OrderService.swift in Sources */ = {isa = PBXBuildFile; fileRef = 8446A8C023DDB34700131758 /* OrderService.swift */; };
		8446A8C523DDC48600131758 /* OrderCompleteViewController.swift in Sources */ = {isa = PBXBuildFile; fileRef = 8446A8C423DDC48600131758 /* OrderCompleteViewController.swift */; };
		8449DCFF239D364D00C3C7A1 /* SignInWithFBViewModel.swift in Sources */ = {isa = PBXBuildFile; fileRef = 8449DCFE239D364D00C3C7A1 /* SignInWithFBViewModel.swift */; };
		844FA9A523A8D0FB007E3C6D /* CartUniqueID.swift in Sources */ = {isa = PBXBuildFile; fileRef = 844FA9A423A8D0FB007E3C6D /* CartUniqueID.swift */; };
		844FA9A723A8D1B6007E3C6D /* CartProduct.swift in Sources */ = {isa = PBXBuildFile; fileRef = 844FA9A623A8D1B6007E3C6D /* CartProduct.swift */; };
		844FA9A923A8D2FF007E3C6D /* CartTotalAmount.swift in Sources */ = {isa = PBXBuildFile; fileRef = 844FA9A823A8D2FF007E3C6D /* CartTotalAmount.swift */; };
		844FA9AB23A8D39C007E3C6D /* Tax.swift in Sources */ = {isa = PBXBuildFile; fileRef = 844FA9AA23A8D39C007E3C6D /* Tax.swift */; };
		844FA9AD23A8D46E007E3C6D /* ShippingRegion.swift in Sources */ = {isa = PBXBuildFile; fileRef = 844FA9AC23A8D46E007E3C6D /* ShippingRegion.swift */; };
		844FA9AF23A8D4DD007E3C6D /* ShippingType.swift in Sources */ = {isa = PBXBuildFile; fileRef = 844FA9AE23A8D4DD007E3C6D /* ShippingType.swift */; };
		844FA9B123A8D5EB007E3C6D /* Order.swift in Sources */ = {isa = PBXBuildFile; fileRef = 844FA9B023A8D5EB007E3C6D /* Order.swift */; };
		844FA9B323A8D70F007E3C6D /* OrderShortDetail.swift in Sources */ = {isa = PBXBuildFile; fileRef = 844FA9B223A8D70F007E3C6D /* OrderShortDetail.swift */; };
		844FA9B923A8DBA1007E3C6D /* ShoppingCartService.swift in Sources */ = {isa = PBXBuildFile; fileRef = 844FA9B823A8DBA1007E3C6D /* ShoppingCartService.swift */; };
		844FA9BB23A8DE82007E3C6D /* TaxService.swift in Sources */ = {isa = PBXBuildFile; fileRef = 844FA9BA23A8DE82007E3C6D /* TaxService.swift */; };
		844FA9BD23A8DF7E007E3C6D /* ShippingService.swift in Sources */ = {isa = PBXBuildFile; fileRef = 844FA9BC23A8DF7E007E3C6D /* ShippingService.swift */; };
		8452DD792397DA3400B21CC9 /* CustomersService.swift in Sources */ = {isa = PBXBuildFile; fileRef = 8452DD782397DA3400B21CC9 /* CustomersService.swift */; };
		8452DD7B2397E46300B21CC9 /* SignInViewModel.swift in Sources */ = {isa = PBXBuildFile; fileRef = 8452DD7A2397E46300B21CC9 /* SignInViewModel.swift */; };
		8452DD7E2397E4D600B21CC9 /* State.swift in Sources */ = {isa = PBXBuildFile; fileRef = 8452DD7D2397E4D600B21CC9 /* State.swift */; };
		8452DD802397F41000B21CC9 /* UIButtonLoadingExtension.swift in Sources */ = {isa = PBXBuildFile; fileRef = 8452DD7F2397F41000B21CC9 /* UIButtonLoadingExtension.swift */; };
		8452DD822397F46400B21CC9 /* Validation.swift in Sources */ = {isa = PBXBuildFile; fileRef = 8452DD812397F46400B21CC9 /* Validation.swift */; };
		84651159239E769D00FDAB31 /* Switcher.swift in Sources */ = {isa = PBXBuildFile; fileRef = 84651158239E769D00FDAB31 /* Switcher.swift */; };
		8465115C239E77E300FDAB31 /* MainTabBarVC.swift in Sources */ = {isa = PBXBuildFile; fileRef = 8465115B239E77E300FDAB31 /* MainTabBarVC.swift */; };
		8465115E239E7B4F00FDAB31 /* OnBoardingNavigation.swift in Sources */ = {isa = PBXBuildFile; fileRef = 8465115D239E7B4F00FDAB31 /* OnBoardingNavigation.swift */; };
		8468200A23A6176B008289BD /* SizeCell.swift in Sources */ = {isa = PBXBuildFile; fileRef = 8468200823A6176B008289BD /* SizeCell.swift */; };
		8468200B23A6176B008289BD /* SizeCell.xib in Resources */ = {isa = PBXBuildFile; fileRef = 8468200923A6176B008289BD /* SizeCell.xib */; };
		8468200E23A61780008289BD /* ColorCell.swift in Sources */ = {isa = PBXBuildFile; fileRef = 8468200C23A61780008289BD /* ColorCell.swift */; };
		8468200F23A61780008289BD /* ColorCell.xib in Resources */ = {isa = PBXBuildFile; fileRef = 8468200D23A61780008289BD /* ColorCell.xib */; };
		8468201123A61AC3008289BD /* Attribute.swift in Sources */ = {isa = PBXBuildFile; fileRef = 8468201023A61AC3008289BD /* Attribute.swift */; };
		8468201323A61B80008289BD /* AttributesService.swift in Sources */ = {isa = PBXBuildFile; fileRef = 8468201223A61B80008289BD /* AttributesService.swift */; };
		8468201523A62575008289BD /* CustomizeViewModel.swift in Sources */ = {isa = PBXBuildFile; fileRef = 8468201423A62575008289BD /* CustomizeViewModel.swift */; };
		8468201723A62717008289BD /* SizeCellViewModel.swift in Sources */ = {isa = PBXBuildFile; fileRef = 8468201623A62717008289BD /* SizeCellViewModel.swift */; };
		8468201923A6275B008289BD /* ColorCellViewModel.swift in Sources */ = {isa = PBXBuildFile; fileRef = 8468201823A6275B008289BD /* ColorCellViewModel.swift */; };
		8468201B23A62A03008289BD /* StorexColors.swift in Sources */ = {isa = PBXBuildFile; fileRef = 8468201A23A62A03008289BD /* StorexColors.swift */; };
		84734DDD23DED36B00210FA1 /* StoreLocationCell.swift in Sources */ = {isa = PBXBuildFile; fileRef = 84734DDB23DED36B00210FA1 /* StoreLocationCell.swift */; };
		84734DDE23DED36B00210FA1 /* StoreLocationCell.xib in Resources */ = {isa = PBXBuildFile; fileRef = 84734DDC23DED36B00210FA1 /* StoreLocationCell.xib */; };
		84734DE123DEDE5500210FA1 /* StoreLocationCellViewModel.swift in Sources */ = {isa = PBXBuildFile; fileRef = 84734DE023DEDE5500210FA1 /* StoreLocationCellViewModel.swift */; };
		84734DE323DEDEC200210FA1 /* StoresViewModel.swift in Sources */ = {isa = PBXBuildFile; fileRef = 84734DE223DEDEC200210FA1 /* StoresViewModel.swift */; };
		84734DE523DF0E3C00210FA1 /* MKMapView-Extension.swift in Sources */ = {isa = PBXBuildFile; fileRef = 84734DE423DF0E3C00210FA1 /* MKMapView-Extension.swift */; };
		84734DE723DF278300210FA1 /* StoreDetailsViewModel.swift in Sources */ = {isa = PBXBuildFile; fileRef = 84734DE623DF278300210FA1 /* StoreDetailsViewModel.swift */; };
		84941F6E23E1707B00586271 /* ContactViewController.swift in Sources */ = {isa = PBXBuildFile; fileRef = 84941F6D23E1707B00586271 /* ContactViewController.swift */; };
		84941F7323E1795A00586271 /* SendQuestionTableVC.swift in Sources */ = {isa = PBXBuildFile; fileRef = 84941F7223E1795A00586271 /* SendQuestionTableVC.swift */; };
		84941F7623E1B38300586271 /* CustomerServiceTableVC.swift in Sources */ = {isa = PBXBuildFile; fileRef = 84941F7523E1B38300586271 /* CustomerServiceTableVC.swift */; };
		84941F7923E1BE1F00586271 /* CustomerServiceDetailsVC.swift in Sources */ = {isa = PBXBuildFile; fileRef = 84941F7823E1BE1F00586271 /* CustomerServiceDetailsVC.swift */; };
		84AB36AF2399122100E5C099 /* SignUpViewModel.swift in Sources */ = {isa = PBXBuildFile; fileRef = 84AB36AE2399122100E5C099 /* SignUpViewModel.swift */; };
		84AB36B12399150D00E5C099 /* NotificationBannerManager.swift in Sources */ = {isa = PBXBuildFile; fileRef = 84AB36B02399150D00E5C099 /* NotificationBannerManager.swift */; };
		84AB36B423993D1F00E5C099 /* OnBoardingVC.swift in Sources */ = {isa = PBXBuildFile; fileRef = 84AB36B323993D1F00E5C099 /* OnBoardingVC.swift */; };
		84AB36B623993D4B00E5C099 /* OnBoardingPageVC.swift in Sources */ = {isa = PBXBuildFile; fileRef = 84AB36B523993D4B00E5C099 /* OnBoardingPageVC.swift */; };
		84AB36B823993D7600E5C099 /* OnBoardingScreenVC.swift in Sources */ = {isa = PBXBuildFile; fileRef = 84AB36B723993D7600E5C099 /* OnBoardingScreenVC.swift */; };
		84C3D9F923E0714500408D54 /* CustomerSupportViewController.swift in Sources */ = {isa = PBXBuildFile; fileRef = 84C3D9F823E0714500408D54 /* CustomerSupportViewController.swift */; };
		84C3D9FD23E0739500408D54 /* OptionCell.swift in Sources */ = {isa = PBXBuildFile; fileRef = 84C3D9FB23E0739500408D54 /* OptionCell.swift */; };
		84C3D9FE23E0739500408D54 /* OptionCell.xib in Resources */ = {isa = PBXBuildFile; fileRef = 84C3D9FC23E0739500408D54 /* OptionCell.xib */; };
		84EBB9C523AA36B3008E344C /* CartManager.swift in Sources */ = {isa = PBXBuildFile; fileRef = 84EBB9C423AA36B3008E344C /* CartManager.swift */; };
		84EBB9C823AA41D5008E344C /* BagViewModel.swift in Sources */ = {isa = PBXBuildFile; fileRef = 84EBB9C723AA41D5008E344C /* BagViewModel.swift */; };
		84EBB9CC23AA484F008E344C /* CartProductCell.swift in Sources */ = {isa = PBXBuildFile; fileRef = 84EBB9CA23AA484F008E344C /* CartProductCell.swift */; };
		84EBB9CD23AA484F008E344C /* CartProductCell.xib in Resources */ = {isa = PBXBuildFile; fileRef = 84EBB9CB23AA484F008E344C /* CartProductCell.xib */; };
		84EBB9CF23AA4C68008E344C /* CartProductCellViewModel.swift in Sources */ = {isa = PBXBuildFile; fileRef = 84EBB9CE23AA4C68008E344C /* CartProductCellViewModel.swift */; };
		C5AA00352291DF41008B2E6B /* ShopViewController.swift in Sources */ = {isa = PBXBuildFile; fileRef = C5AA00342291DF41008B2E6B /* ShopViewController.swift */; };
		C5AA00372291DF52008B2E6B /* InspirationViewController.swift in Sources */ = {isa = PBXBuildFile; fileRef = C5AA00362291DF52008B2E6B /* InspirationViewController.swift */; };
		C5AA00392291DF65008B2E6B /* StoresViewController.swift in Sources */ = {isa = PBXBuildFile; fileRef = C5AA00382291DF65008B2E6B /* StoresViewController.swift */; };
		C5DBEF39229447C200CFA2EF /* UIView-Customize.swift in Sources */ = {isa = PBXBuildFile; fileRef = C5DBEF38229447C200CFA2EF /* UIView-Customize.swift */; };
		C5DBEF3C2294499C00CFA2EF /* SignInVC.swift in Sources */ = {isa = PBXBuildFile; fileRef = C5DBEF3B2294499C00CFA2EF /* SignInVC.swift */; };
		C5DBEF3E22944F5900CFA2EF /* KeyboardModifications.swift in Sources */ = {isa = PBXBuildFile; fileRef = C5DBEF3D22944F5900CFA2EF /* KeyboardModifications.swift */; };
		C5DBEF4122944FE600CFA2EF /* SignUpVC.swift in Sources */ = {isa = PBXBuildFile; fileRef = C5DBEF4022944FE600CFA2EF /* SignUpVC.swift */; };
		C5DBEF4722946A9200CFA2EF /* Customer.swift in Sources */ = {isa = PBXBuildFile; fileRef = C5DBEF4622946A9200CFA2EF /* Customer.swift */; };
		C5DBEF4922946F3800CFA2EF /* Error.swift in Sources */ = {isa = PBXBuildFile; fileRef = C5DBEF4822946F3800CFA2EF /* Error.swift */; };
		C5FE31EE228CB0DF00A3E0DC /* AppDelegate.swift in Sources */ = {isa = PBXBuildFile; fileRef = C5FE31ED228CB0DF00A3E0DC /* AppDelegate.swift */; };
		C5FE31F0228CB0DF00A3E0DC /* MoreViewController.swift in Sources */ = {isa = PBXBuildFile; fileRef = C5FE31EF228CB0DF00A3E0DC /* MoreViewController.swift */; };
		C5FE31F2228CB0DF00A3E0DC /* BagViewController.swift in Sources */ = {isa = PBXBuildFile; fileRef = C5FE31F1228CB0DF00A3E0DC /* BagViewController.swift */; };
		C5FE31F5228CB0DF00A3E0DC /* Main.storyboard in Resources */ = {isa = PBXBuildFile; fileRef = C5FE31F3228CB0DF00A3E0DC /* Main.storyboard */; };
		C5FE31F7228CB0E000A3E0DC /* Assets.xcassets in Resources */ = {isa = PBXBuildFile; fileRef = C5FE31F6228CB0E000A3E0DC /* Assets.xcassets */; };
		C5FE31FA228CB0E000A3E0DC /* LaunchScreen.storyboard in Resources */ = {isa = PBXBuildFile; fileRef = C5FE31F8228CB0E000A3E0DC /* LaunchScreen.storyboard */; };
		D716688297E464CD2295A219 /* Pods_Storex.framework in Frameworks */ = {isa = PBXBuildFile; fileRef = 4955C5397AE60F03C0F7D92D /* Pods_Storex.framework */; };
/* End PBXBuildFile section */

/* Begin PBXFileReference section */
		2F587A5B1A2DA48334AB0EDC /* Pods-Storex.debug.xcconfig */ = {isa = PBXFileReference; includeInIndex = 1; lastKnownFileType = text.xcconfig; name = "Pods-Storex.debug.xcconfig"; path = "Pods/Target Support Files/Pods-Storex/Pods-Storex.debug.xcconfig"; sourceTree = "<group>"; };
		4955C5397AE60F03C0F7D92D /* Pods_Storex.framework */ = {isa = PBXFileReference; explicitFileType = wrapper.framework; includeInIndex = 0; path = Pods_Storex.framework; sourceTree = BUILT_PRODUCTS_DIR; };
		84174AE623A79B4B007D9162 /* SideMenuViewController.swift */ = {isa = PBXFileReference; lastKnownFileType = sourcecode.swift; path = SideMenuViewController.swift; sourceTree = "<group>"; };
		842DBC3B23D9BD4C0087D779 /* EditItemViewController.swift */ = {isa = PBXFileReference; lastKnownFileType = sourcecode.swift; path = EditItemViewController.swift; sourceTree = "<group>"; };
		842DBC3D23D9BDE40087D779 /* UIViewController-Extension.swift */ = {isa = PBXFileReference; lastKnownFileType = sourcecode.swift; path = "UIViewController-Extension.swift"; sourceTree = "<group>"; };
		842DBC3F23D9E1160087D779 /* EditItemViewModel.swift */ = {isa = PBXFileReference; lastKnownFileType = sourcecode.swift; path = EditItemViewModel.swift; sourceTree = "<group>"; };
		8439C24123A0D5B10051FB60 /* CategoriesService.swift */ = {isa = PBXFileReference; lastKnownFileType = sourcecode.swift; path = CategoriesService.swift; sourceTree = "<group>"; };
		8439C24323A0D6F80051FB60 /* Category.swift */ = {isa = PBXFileReference; lastKnownFileType = sourcecode.swift; path = Category.swift; sourceTree = "<group>"; };
		8439C24623A0D8B40051FB60 /* DepartmentViewModel.swift */ = {isa = PBXFileReference; lastKnownFileType = sourcecode.swift; path = DepartmentViewModel.swift; sourceTree = "<group>"; };
		8439C24823A0DAAF0051FB60 /* CategoryCellViewModel.swift */ = {isa = PBXFileReference; lastKnownFileType = sourcecode.swift; path = CategoryCellViewModel.swift; sourceTree = "<group>"; };
		8439C24A23A0DB290051FB60 /* ProductCellViewModel.swift */ = {isa = PBXFileReference; lastKnownFileType = sourcecode.swift; path = ProductCellViewModel.swift; sourceTree = "<group>"; };
		8439C24D23A0EC5A0051FB60 /* CategoryCell.swift */ = {isa = PBXFileReference; lastKnownFileType = sourcecode.swift; path = CategoryCell.swift; sourceTree = "<group>"; };
		8439C24E23A0EC5A0051FB60 /* CategoryCell.xib */ = {isa = PBXFileReference; lastKnownFileType = file.xib; path = CategoryCell.xib; sourceTree = "<group>"; };
		8439C25123A0EEE70051FB60 /* UICollectionViewNibExtension.swift */ = {isa = PBXFileReference; lastKnownFileType = sourcecode.swift; path = UICollectionViewNibExtension.swift; sourceTree = "<group>"; };
		8439C25323A11C830051FB60 /* ProductsService.swift */ = {isa = PBXFileReference; lastKnownFileType = sourcecode.swift; path = ProductsService.swift; sourceTree = "<group>"; };
		8439C25623A127B30051FB60 /* ProductCell.swift */ = {isa = PBXFileReference; lastKnownFileType = sourcecode.swift; path = ProductCell.swift; sourceTree = "<group>"; };
		8439C25723A127B30051FB60 /* ProductCell.xib */ = {isa = PBXFileReference; lastKnownFileType = file.xib; path = ProductCell.xib; sourceTree = "<group>"; };
		843EA978239F8A570092701D /* Product.swift */ = {isa = PBXFileReference; lastKnownFileType = sourcecode.swift; path = Product.swift; sourceTree = "<group>"; };
		843EA97A239F8BF00092701D /* Products.swift */ = {isa = PBXFileReference; lastKnownFileType = sourcecode.swift; path = Products.swift; sourceTree = "<group>"; };
		843EA97C239F8EE80092701D /* Department.swift */ = {isa = PBXFileReference; lastKnownFileType = sourcecode.swift; path = Department.swift; sourceTree = "<group>"; };
		843EA97F239FAB410092701D /* DepartmentCell.swift */ = {isa = PBXFileReference; lastKnownFileType = sourcecode.swift; path = DepartmentCell.swift; sourceTree = "<group>"; };
		843EA980239FAB410092701D /* DepartmentCell.xib */ = {isa = PBXFileReference; lastKnownFileType = file.xib; path = DepartmentCell.xib; sourceTree = "<group>"; };
		843EA983239FACE10092701D /* UITableViewNibExtension.swift */ = {isa = PBXFileReference; fileEncoding = 4; lastKnownFileType = sourcecode.swift; path = UITableViewNibExtension.swift; sourceTree = "<group>"; };
		8443073C239FB00700FCBBFB /* ShopViewModel.swift */ = {isa = PBXFileReference; lastKnownFileType = sourcecode.swift; path = ShopViewModel.swift; sourceTree = "<group>"; };
		8443073E239FB02200FCBBFB /* DepartmentCellViewModel.swift */ = {isa = PBXFileReference; lastKnownFileType = sourcecode.swift; path = DepartmentCellViewModel.swift; sourceTree = "<group>"; };
		84430740239FB1B000FCBBFB /* DepartmentsService.swift */ = {isa = PBXFileReference; lastKnownFileType = sourcecode.swift; path = DepartmentsService.swift; sourceTree = "<group>"; };
		84430744239FD5E600FCBBFB /* DepartmentViewController.swift */ = {isa = PBXFileReference; lastKnownFileType = sourcecode.swift; path = DepartmentViewController.swift; sourceTree = "<group>"; };
		8446375023A24E94002825C2 /* ProductDetailsViewController.swift */ = {isa = PBXFileReference; lastKnownFileType = sourcecode.swift; path = ProductDetailsViewController.swift; sourceTree = "<group>"; };
		8446375323A261D0002825C2 /* ProductDetailsViewModel.swift */ = {isa = PBXFileReference; lastKnownFileType = sourcecode.swift; path = ProductDetailsViewModel.swift; sourceTree = "<group>"; };
		8446375523A262A9002825C2 /* ProductDetails.swift */ = {isa = PBXFileReference; lastKnownFileType = sourcecode.swift; path = ProductDetails.swift; sourceTree = "<group>"; };
		8446375823A26D58002825C2 /* ProductImageCell.swift */ = {isa = PBXFileReference; lastKnownFileType = sourcecode.swift; path = ProductImageCell.swift; sourceTree = "<group>"; };
		8446375923A26D58002825C2 /* ProductImageCell.xib */ = {isa = PBXFileReference; lastKnownFileType = file.xib; path = ProductImageCell.xib; sourceTree = "<group>"; };
		8446375C23A26DD5002825C2 /* ProductImageCellViewModel.swift */ = {isa = PBXFileReference; lastKnownFileType = sourcecode.swift; path = ProductImageCellViewModel.swift; sourceTree = "<group>"; };
		8446375F23A28611002825C2 /* CustomizeView.swift */ = {isa = PBXFileReference; lastKnownFileType = sourcecode.swift; path = CustomizeView.swift; sourceTree = "<group>"; };
		8446376123A28689002825C2 /* CustomizeView.xib */ = {isa = PBXFileReference; lastKnownFileType = file.xib; path = CustomizeView.xib; sourceTree = "<group>"; };
		8446A8B723DD8E2600131758 /* SelectRegionViewController.swift */ = {isa = PBXFileReference; lastKnownFileType = sourcecode.swift; path = SelectRegionViewController.swift; sourceTree = "<group>"; };
		8446A8B923DD8F1E00131758 /* SelectRegionViewModel.swift */ = {isa = PBXFileReference; lastKnownFileType = sourcecode.swift; path = SelectRegionViewModel.swift; sourceTree = "<group>"; };
		8446A8BC23DDA2CC00131758 /* SelectShippingViewController.swift */ = {isa = PBXFileReference; lastKnownFileType = sourcecode.swift; path = SelectShippingViewController.swift; sourceTree = "<group>"; };
		8446A8BE23DDA5F400131758 /* SelectShippingViewModel.swift */ = {isa = PBXFileReference; lastKnownFileType = sourcecode.swift; path = SelectShippingViewModel.swift; sourceTree = "<group>"; };
		8446A8C023DDB34700131758 /* OrderService.swift */ = {isa = PBXFileReference; lastKnownFileType = sourcecode.swift; path = OrderService.swift; sourceTree = "<group>"; };
		8446A8C423DDC48600131758 /* OrderCompleteViewController.swift */ = {isa = PBXFileReference; lastKnownFileType = sourcecode.swift; path = OrderCompleteViewController.swift; sourceTree = "<group>"; };
		8449DCFE239D364D00C3C7A1 /* SignInWithFBViewModel.swift */ = {isa = PBXFileReference; lastKnownFileType = sourcecode.swift; path = SignInWithFBViewModel.swift; sourceTree = "<group>"; };
		844FA9A423A8D0FB007E3C6D /* CartUniqueID.swift */ = {isa = PBXFileReference; lastKnownFileType = sourcecode.swift; path = CartUniqueID.swift; sourceTree = "<group>"; };
		844FA9A623A8D1B6007E3C6D /* CartProduct.swift */ = {isa = PBXFileReference; lastKnownFileType = sourcecode.swift; path = CartProduct.swift; sourceTree = "<group>"; };
		844FA9A823A8D2FF007E3C6D /* CartTotalAmount.swift */ = {isa = PBXFileReference; lastKnownFileType = sourcecode.swift; path = CartTotalAmount.swift; sourceTree = "<group>"; };
		844FA9AA23A8D39C007E3C6D /* Tax.swift */ = {isa = PBXFileReference; lastKnownFileType = sourcecode.swift; path = Tax.swift; sourceTree = "<group>"; };
		844FA9AC23A8D46E007E3C6D /* ShippingRegion.swift */ = {isa = PBXFileReference; lastKnownFileType = sourcecode.swift; path = ShippingRegion.swift; sourceTree = "<group>"; };
		844FA9AE23A8D4DD007E3C6D /* ShippingType.swift */ = {isa = PBXFileReference; lastKnownFileType = sourcecode.swift; path = ShippingType.swift; sourceTree = "<group>"; };
		844FA9B023A8D5EB007E3C6D /* Order.swift */ = {isa = PBXFileReference; lastKnownFileType = sourcecode.swift; path = Order.swift; sourceTree = "<group>"; };
		844FA9B223A8D70F007E3C6D /* OrderShortDetail.swift */ = {isa = PBXFileReference; lastKnownFileType = sourcecode.swift; path = OrderShortDetail.swift; sourceTree = "<group>"; };
		844FA9B823A8DBA1007E3C6D /* ShoppingCartService.swift */ = {isa = PBXFileReference; lastKnownFileType = sourcecode.swift; path = ShoppingCartService.swift; sourceTree = "<group>"; };
		844FA9BA23A8DE82007E3C6D /* TaxService.swift */ = {isa = PBXFileReference; lastKnownFileType = sourcecode.swift; path = TaxService.swift; sourceTree = "<group>"; };
		844FA9BC23A8DF7E007E3C6D /* ShippingService.swift */ = {isa = PBXFileReference; lastKnownFileType = sourcecode.swift; path = ShippingService.swift; sourceTree = "<group>"; };
		8452DD782397DA3400B21CC9 /* CustomersService.swift */ = {isa = PBXFileReference; lastKnownFileType = sourcecode.swift; path = CustomersService.swift; sourceTree = "<group>"; };
		8452DD7A2397E46300B21CC9 /* SignInViewModel.swift */ = {isa = PBXFileReference; lastKnownFileType = sourcecode.swift; path = SignInViewModel.swift; sourceTree = "<group>"; };
		8452DD7D2397E4D600B21CC9 /* State.swift */ = {isa = PBXFileReference; lastKnownFileType = sourcecode.swift; path = State.swift; sourceTree = "<group>"; };
		8452DD7F2397F41000B21CC9 /* UIButtonLoadingExtension.swift */ = {isa = PBXFileReference; fileEncoding = 4; lastKnownFileType = sourcecode.swift; path = UIButtonLoadingExtension.swift; sourceTree = "<group>"; };
		8452DD812397F46400B21CC9 /* Validation.swift */ = {isa = PBXFileReference; fileEncoding = 4; lastKnownFileType = sourcecode.swift; path = Validation.swift; sourceTree = "<group>"; };
		84651158239E769D00FDAB31 /* Switcher.swift */ = {isa = PBXFileReference; lastKnownFileType = sourcecode.swift; path = Switcher.swift; sourceTree = "<group>"; };
		8465115B239E77E300FDAB31 /* MainTabBarVC.swift */ = {isa = PBXFileReference; lastKnownFileType = sourcecode.swift; path = MainTabBarVC.swift; sourceTree = "<group>"; };
		8465115D239E7B4F00FDAB31 /* OnBoardingNavigation.swift */ = {isa = PBXFileReference; lastKnownFileType = sourcecode.swift; path = OnBoardingNavigation.swift; sourceTree = "<group>"; };
		8468200823A6176B008289BD /* SizeCell.swift */ = {isa = PBXFileReference; lastKnownFileType = sourcecode.swift; path = SizeCell.swift; sourceTree = "<group>"; };
		8468200923A6176B008289BD /* SizeCell.xib */ = {isa = PBXFileReference; lastKnownFileType = file.xib; path = SizeCell.xib; sourceTree = "<group>"; };
		8468200C23A61780008289BD /* ColorCell.swift */ = {isa = PBXFileReference; lastKnownFileType = sourcecode.swift; path = ColorCell.swift; sourceTree = "<group>"; };
		8468200D23A61780008289BD /* ColorCell.xib */ = {isa = PBXFileReference; lastKnownFileType = file.xib; path = ColorCell.xib; sourceTree = "<group>"; };
		8468201023A61AC3008289BD /* Attribute.swift */ = {isa = PBXFileReference; lastKnownFileType = sourcecode.swift; path = Attribute.swift; sourceTree = "<group>"; };
		8468201223A61B80008289BD /* AttributesService.swift */ = {isa = PBXFileReference; lastKnownFileType = sourcecode.swift; path = AttributesService.swift; sourceTree = "<group>"; };
		8468201423A62575008289BD /* CustomizeViewModel.swift */ = {isa = PBXFileReference; lastKnownFileType = sourcecode.swift; path = CustomizeViewModel.swift; sourceTree = "<group>"; };
		8468201623A62717008289BD /* SizeCellViewModel.swift */ = {isa = PBXFileReference; lastKnownFileType = sourcecode.swift; path = SizeCellViewModel.swift; sourceTree = "<group>"; };
		8468201823A6275B008289BD /* ColorCellViewModel.swift */ = {isa = PBXFileReference; lastKnownFileType = sourcecode.swift; path = ColorCellViewModel.swift; sourceTree = "<group>"; };
		8468201A23A62A03008289BD /* StorexColors.swift */ = {isa = PBXFileReference; lastKnownFileType = sourcecode.swift; path = StorexColors.swift; sourceTree = "<group>"; };
		84734DDB23DED36B00210FA1 /* StoreLocationCell.swift */ = {isa = PBXFileReference; lastKnownFileType = sourcecode.swift; path = StoreLocationCell.swift; sourceTree = "<group>"; };
		84734DDC23DED36B00210FA1 /* StoreLocationCell.xib */ = {isa = PBXFileReference; lastKnownFileType = file.xib; path = StoreLocationCell.xib; sourceTree = "<group>"; };
		84734DE023DEDE5500210FA1 /* StoreLocationCellViewModel.swift */ = {isa = PBXFileReference; lastKnownFileType = sourcecode.swift; path = StoreLocationCellViewModel.swift; sourceTree = "<group>"; };
		84734DE223DEDEC200210FA1 /* StoresViewModel.swift */ = {isa = PBXFileReference; lastKnownFileType = sourcecode.swift; path = StoresViewModel.swift; sourceTree = "<group>"; };
		84734DE423DF0E3C00210FA1 /* MKMapView-Extension.swift */ = {isa = PBXFileReference; lastKnownFileType = sourcecode.swift; path = "MKMapView-Extension.swift"; sourceTree = "<group>"; };
		84734DE623DF278300210FA1 /* StoreDetailsViewModel.swift */ = {isa = PBXFileReference; lastKnownFileType = sourcecode.swift; path = StoreDetailsViewModel.swift; sourceTree = "<group>"; };
		84941F6D23E1707B00586271 /* ContactViewController.swift */ = {isa = PBXFileReference; lastKnownFileType = sourcecode.swift; path = ContactViewController.swift; sourceTree = "<group>"; };
		84941F7223E1795A00586271 /* SendQuestionTableVC.swift */ = {isa = PBXFileReference; lastKnownFileType = sourcecode.swift; path = SendQuestionTableVC.swift; sourceTree = "<group>"; };
		84941F7523E1B38300586271 /* CustomerServiceTableVC.swift */ = {isa = PBXFileReference; lastKnownFileType = sourcecode.swift; path = CustomerServiceTableVC.swift; sourceTree = "<group>"; };
		84941F7823E1BE1F00586271 /* CustomerServiceDetailsVC.swift */ = {isa = PBXFileReference; lastKnownFileType = sourcecode.swift; path = CustomerServiceDetailsVC.swift; sourceTree = "<group>"; };
		84AB36AE2399122100E5C099 /* SignUpViewModel.swift */ = {isa = PBXFileReference; lastKnownFileType = sourcecode.swift; path = SignUpViewModel.swift; sourceTree = "<group>"; };
		84AB36B02399150D00E5C099 /* NotificationBannerManager.swift */ = {isa = PBXFileReference; lastKnownFileType = sourcecode.swift; path = NotificationBannerManager.swift; sourceTree = "<group>"; };
		84AB36B323993D1F00E5C099 /* OnBoardingVC.swift */ = {isa = PBXFileReference; lastKnownFileType = sourcecode.swift; path = OnBoardingVC.swift; sourceTree = "<group>"; };
		84AB36B523993D4B00E5C099 /* OnBoardingPageVC.swift */ = {isa = PBXFileReference; lastKnownFileType = sourcecode.swift; path = OnBoardingPageVC.swift; sourceTree = "<group>"; };
		84AB36B723993D7600E5C099 /* OnBoardingScreenVC.swift */ = {isa = PBXFileReference; lastKnownFileType = sourcecode.swift; path = OnBoardingScreenVC.swift; sourceTree = "<group>"; };
		84C3D9F823E0714500408D54 /* CustomerSupportViewController.swift */ = {isa = PBXFileReference; lastKnownFileType = sourcecode.swift; path = CustomerSupportViewController.swift; sourceTree = "<group>"; };
		84C3D9FB23E0739500408D54 /* OptionCell.swift */ = {isa = PBXFileReference; lastKnownFileType = sourcecode.swift; path = OptionCell.swift; sourceTree = "<group>"; };
		84C3D9FC23E0739500408D54 /* OptionCell.xib */ = {isa = PBXFileReference; lastKnownFileType = file.xib; path = OptionCell.xib; sourceTree = "<group>"; };
		84EBB9C423AA36B3008E344C /* CartManager.swift */ = {isa = PBXFileReference; lastKnownFileType = sourcecode.swift; path = CartManager.swift; sourceTree = "<group>"; };
		84EBB9C723AA41D5008E344C /* BagViewModel.swift */ = {isa = PBXFileReference; lastKnownFileType = sourcecode.swift; path = BagViewModel.swift; sourceTree = "<group>"; };
		84EBB9CA23AA484F008E344C /* CartProductCell.swift */ = {isa = PBXFileReference; lastKnownFileType = sourcecode.swift; path = CartProductCell.swift; sourceTree = "<group>"; };
		84EBB9CB23AA484F008E344C /* CartProductCell.xib */ = {isa = PBXFileReference; lastKnownFileType = file.xib; path = CartProductCell.xib; sourceTree = "<group>"; };
		84EBB9CE23AA4C68008E344C /* CartProductCellViewModel.swift */ = {isa = PBXFileReference; lastKnownFileType = sourcecode.swift; path = CartProductCellViewModel.swift; sourceTree = "<group>"; };
		C5AA00342291DF41008B2E6B /* ShopViewController.swift */ = {isa = PBXFileReference; lastKnownFileType = sourcecode.swift; path = ShopViewController.swift; sourceTree = "<group>"; };
		C5AA00362291DF52008B2E6B /* InspirationViewController.swift */ = {isa = PBXFileReference; lastKnownFileType = sourcecode.swift; path = InspirationViewController.swift; sourceTree = "<group>"; };
		C5AA00382291DF65008B2E6B /* StoresViewController.swift */ = {isa = PBXFileReference; lastKnownFileType = sourcecode.swift; path = StoresViewController.swift; sourceTree = "<group>"; };
		C5DBEF38229447C200CFA2EF /* UIView-Customize.swift */ = {isa = PBXFileReference; fileEncoding = 4; lastKnownFileType = sourcecode.swift; path = "UIView-Customize.swift"; sourceTree = "<group>"; };
		C5DBEF3B2294499C00CFA2EF /* SignInVC.swift */ = {isa = PBXFileReference; lastKnownFileType = sourcecode.swift; path = SignInVC.swift; sourceTree = "<group>"; };
		C5DBEF3D22944F5900CFA2EF /* KeyboardModifications.swift */ = {isa = PBXFileReference; lastKnownFileType = sourcecode.swift; path = KeyboardModifications.swift; sourceTree = "<group>"; };
		C5DBEF4022944FE600CFA2EF /* SignUpVC.swift */ = {isa = PBXFileReference; lastKnownFileType = sourcecode.swift; path = SignUpVC.swift; sourceTree = "<group>"; };
		C5DBEF4622946A9200CFA2EF /* Customer.swift */ = {isa = PBXFileReference; lastKnownFileType = sourcecode.swift; path = Customer.swift; sourceTree = "<group>"; };
		C5DBEF4822946F3800CFA2EF /* Error.swift */ = {isa = PBXFileReference; lastKnownFileType = sourcecode.swift; path = Error.swift; sourceTree = "<group>"; };
		C5FE31EA228CB0DF00A3E0DC /* Storex.app */ = {isa = PBXFileReference; explicitFileType = wrapper.application; includeInIndex = 0; path = Storex.app; sourceTree = BUILT_PRODUCTS_DIR; };
		C5FE31ED228CB0DF00A3E0DC /* AppDelegate.swift */ = {isa = PBXFileReference; lastKnownFileType = sourcecode.swift; path = AppDelegate.swift; sourceTree = "<group>"; };
		C5FE31EF228CB0DF00A3E0DC /* MoreViewController.swift */ = {isa = PBXFileReference; lastKnownFileType = sourcecode.swift; path = MoreViewController.swift; sourceTree = "<group>"; };
		C5FE31F1228CB0DF00A3E0DC /* BagViewController.swift */ = {isa = PBXFileReference; lastKnownFileType = sourcecode.swift; path = BagViewController.swift; sourceTree = "<group>"; };
		C5FE31F4228CB0DF00A3E0DC /* Base */ = {isa = PBXFileReference; lastKnownFileType = file.storyboard; name = Base; path = Base.lproj/Main.storyboard; sourceTree = "<group>"; };
		C5FE31F6228CB0E000A3E0DC /* Assets.xcassets */ = {isa = PBXFileReference; lastKnownFileType = folder.assetcatalog; path = Assets.xcassets; sourceTree = "<group>"; };
		C5FE31F9228CB0E000A3E0DC /* Base */ = {isa = PBXFileReference; lastKnownFileType = file.storyboard; name = Base; path = Base.lproj/LaunchScreen.storyboard; sourceTree = "<group>"; };
		C5FE31FB228CB0E000A3E0DC /* Info.plist */ = {isa = PBXFileReference; lastKnownFileType = text.plist.xml; path = Info.plist; sourceTree = "<group>"; };
		FB85F373E6119FC119E9A78C /* Pods-Storex.release.xcconfig */ = {isa = PBXFileReference; includeInIndex = 1; lastKnownFileType = text.xcconfig; name = "Pods-Storex.release.xcconfig"; path = "Pods/Target Support Files/Pods-Storex/Pods-Storex.release.xcconfig"; sourceTree = "<group>"; };
/* End PBXFileReference section */

/* Begin PBXFrameworksBuildPhase section */
		C5FE31E7228CB0DF00A3E0DC /* Frameworks */ = {
			isa = PBXFrameworksBuildPhase;
			buildActionMask = 2147483647;
			files = (
				D716688297E464CD2295A219 /* Pods_Storex.framework in Frameworks */,
			);
			runOnlyForDeploymentPostprocessing = 0;
		};
/* End PBXFrameworksBuildPhase section */

/* Begin PBXGroup section */
		374CD1125A852A63D98862A0 /* Frameworks */ = {
			isa = PBXGroup;
			children = (
				4955C5397AE60F03C0F7D92D /* Pods_Storex.framework */,
			);
			name = Frameworks;
			sourceTree = "<group>";
		};
		84174AE523A79B0C007D9162 /* SideMenu */ = {
			isa = PBXGroup;
			children = (
				84174AE623A79B4B007D9162 /* SideMenuViewController.swift */,
			);
			path = SideMenu;
			sourceTree = "<group>";
		};
		842DBC3923D9BD010087D779 /* Bag */ = {
			isa = PBXGroup;
			children = (
				C5FE31F1228CB0DF00A3E0DC /* BagViewController.swift */,
				84EBB9C923AA481D008E344C /* CartProductCell */,
				84EBB9C623AA41BA008E344C /* ViewModel */,
			);
			path = Bag;
			sourceTree = "<group>";
		};
		842DBC3A23D9BD150087D779 /* EditItem */ = {
			isa = PBXGroup;
			children = (
				842DBC3B23D9BD4C0087D779 /* EditItemViewController.swift */,
				842DBC3F23D9E1160087D779 /* EditItemViewModel.swift */,
			);
			path = EditItem;
			sourceTree = "<group>";
		};
		8439C24523A0D8980051FB60 /* ViewModel */ = {
			isa = PBXGroup;
			children = (
				8439C24623A0D8B40051FB60 /* DepartmentViewModel.swift */,
				8439C24823A0DAAF0051FB60 /* CategoryCellViewModel.swift */,
				8439C24A23A0DB290051FB60 /* ProductCellViewModel.swift */,
			);
			path = ViewModel;
			sourceTree = "<group>";
		};
		8439C24C23A0EC3B0051FB60 /* CategoryCell */ = {
			isa = PBXGroup;
			children = (
				8439C24D23A0EC5A0051FB60 /* CategoryCell.swift */,
				8439C24E23A0EC5A0051FB60 /* CategoryCell.xib */,
			);
			path = CategoryCell;
			sourceTree = "<group>";
		};
		8439C25523A127920051FB60 /* ProductCell */ = {
			isa = PBXGroup;
			children = (
				8439C25623A127B30051FB60 /* ProductCell.swift */,
				8439C25723A127B30051FB60 /* ProductCell.xib */,
			);
			path = ProductCell;
			sourceTree = "<group>";
		};
		843EA97E239FAB0D0092701D /* DepartmentCell */ = {
			isa = PBXGroup;
			children = (
				843EA97F239FAB410092701D /* DepartmentCell.swift */,
				843EA980239FAB410092701D /* DepartmentCell.xib */,
			);
			path = DepartmentCell;
			sourceTree = "<group>";
		};
		8443073B239FAFCA00FCBBFB /* ViewModel */ = {
			isa = PBXGroup;
			children = (
				8443073C239FB00700FCBBFB /* ShopViewModel.swift */,
				8443073E239FB02200FCBBFB /* DepartmentCellViewModel.swift */,
			);
			path = ViewModel;
			sourceTree = "<group>";
		};
		84430742239FD4E200FCBBFB /* Shop */ = {
			isa = PBXGroup;
			children = (
				C5AA00342291DF41008B2E6B /* ShopViewController.swift */,
				843EA97E239FAB0D0092701D /* DepartmentCell */,
				8443073B239FAFCA00FCBBFB /* ViewModel */,
			);
			path = Shop;
			sourceTree = "<group>";
		};
		84430743239FD5B500FCBBFB /* Department */ = {
			isa = PBXGroup;
			children = (
				84430744239FD5E600FCBBFB /* DepartmentViewController.swift */,
				8439C24C23A0EC3B0051FB60 /* CategoryCell */,
				8439C25523A127920051FB60 /* ProductCell */,
				8439C24523A0D8980051FB60 /* ViewModel */,
			);
			path = Department;
			sourceTree = "<group>";
		};
		8446374F23A24E4F002825C2 /* ProductDetails */ = {
			isa = PBXGroup;
			children = (
				8446375023A24E94002825C2 /* ProductDetailsViewController.swift */,
				8446375723A26D21002825C2 /* ProductImageCell */,
				8446375E23A2852F002825C2 /* CustomizeView */,
				8446375223A261B2002825C2 /* ViewModel */,
			);
			path = ProductDetails;
			sourceTree = "<group>";
		};
		8446375223A261B2002825C2 /* ViewModel */ = {
			isa = PBXGroup;
			children = (
				8446375323A261D0002825C2 /* ProductDetailsViewModel.swift */,
				8468201423A62575008289BD /* CustomizeViewModel.swift */,
				8446375C23A26DD5002825C2 /* ProductImageCellViewModel.swift */,
				8468201623A62717008289BD /* SizeCellViewModel.swift */,
				8468201823A6275B008289BD /* ColorCellViewModel.swift */,
			);
			path = ViewModel;
			sourceTree = "<group>";
		};
		8446375723A26D21002825C2 /* ProductImageCell */ = {
			isa = PBXGroup;
			children = (
				8446375823A26D58002825C2 /* ProductImageCell.swift */,
				8446375923A26D58002825C2 /* ProductImageCell.xib */,
			);
			path = ProductImageCell;
			sourceTree = "<group>";
		};
		8446375E23A2852F002825C2 /* CustomizeView */ = {
			isa = PBXGroup;
			children = (
				8446375F23A28611002825C2 /* CustomizeView.swift */,
				8446376123A28689002825C2 /* CustomizeView.xib */,
				8468200623A6172D008289BD /* SizeCell */,
				8468200723A61738008289BD /* ColorCell */,
			);
			path = CustomizeView;
			sourceTree = "<group>";
		};
		8446A8B523DD8DF000131758 /* Checkout */ = {
			isa = PBXGroup;
			children = (
				8446A8B623DD8E0100131758 /* SelectRegion */,
				8446A8BB23DDA2AC00131758 /* SelectShippingType */,
				8446A8C323DDC45100131758 /* OrderComplete */,
			);
			path = Checkout;
			sourceTree = "<group>";
		};
		8446A8B623DD8E0100131758 /* SelectRegion */ = {
			isa = PBXGroup;
			children = (
				8446A8B723DD8E2600131758 /* SelectRegionViewController.swift */,
				8446A8B923DD8F1E00131758 /* SelectRegionViewModel.swift */,
			);
			path = SelectRegion;
			sourceTree = "<group>";
		};
		8446A8BB23DDA2AC00131758 /* SelectShippingType */ = {
			isa = PBXGroup;
			children = (
				8446A8BC23DDA2CC00131758 /* SelectShippingViewController.swift */,
				8446A8BE23DDA5F400131758 /* SelectShippingViewModel.swift */,
			);
			path = SelectShippingType;
			sourceTree = "<group>";
		};
		8446A8C323DDC45100131758 /* OrderComplete */ = {
			isa = PBXGroup;
			children = (
				8446A8C423DDC48600131758 /* OrderCompleteViewController.swift */,
			);
			path = OrderComplete;
			sourceTree = "<group>";
		};
		844FA9B423A8D96C007E3C6D /* Product */ = {
			isa = PBXGroup;
			children = (
				843EA978239F8A570092701D /* Product.swift */,
				8446375523A262A9002825C2 /* ProductDetails.swift */,
				8468201023A61AC3008289BD /* Attribute.swift */,
				843EA97A239F8BF00092701D /* Products.swift */,
			);
			path = Product;
			sourceTree = "<group>";
		};
		844FA9B523A8D97C007E3C6D /* Cart */ = {
			isa = PBXGroup;
			children = (
				844FA9A423A8D0FB007E3C6D /* CartUniqueID.swift */,
				844FA9A623A8D1B6007E3C6D /* CartProduct.swift */,
				844FA9A823A8D2FF007E3C6D /* CartTotalAmount.swift */,
			);
			path = Cart;
			sourceTree = "<group>";
		};
		844FA9B623A8D991007E3C6D /* Shipping */ = {
			isa = PBXGroup;
			children = (
				844FA9AC23A8D46E007E3C6D /* ShippingRegion.swift */,
				844FA9AE23A8D4DD007E3C6D /* ShippingType.swift */,
			);
			path = Shipping;
			sourceTree = "<group>";
		};
		844FA9B723A8D99B007E3C6D /* Order */ = {
			isa = PBXGroup;
			children = (
				844FA9B023A8D5EB007E3C6D /* Order.swift */,
				844FA9B223A8D70F007E3C6D /* OrderShortDetail.swift */,
			);
			path = Order;
			sourceTree = "<group>";
		};
		8452DD7C2397E46800B21CC9 /* ViewModel */ = {
			isa = PBXGroup;
			children = (
				8452DD7A2397E46300B21CC9 /* SignInViewModel.swift */,
				8449DCFE239D364D00C3C7A1 /* SignInWithFBViewModel.swift */,
			);
			path = ViewModel;
			sourceTree = "<group>";
		};
		84651157239E766700FDAB31 /* Switcher */ = {
			isa = PBXGroup;
			children = (
				84651158239E769D00FDAB31 /* Switcher.swift */,
			);
			path = Switcher;
			sourceTree = "<group>";
		};
		8465115A239E77AE00FDAB31 /* MainTabBar */ = {
			isa = PBXGroup;
			children = (
				8465115B239E77E300FDAB31 /* MainTabBarVC.swift */,
			);
			path = MainTabBar;
			sourceTree = "<group>";
		};
		8468200623A6172D008289BD /* SizeCell */ = {
			isa = PBXGroup;
			children = (
				8468200823A6176B008289BD /* SizeCell.swift */,
				8468200923A6176B008289BD /* SizeCell.xib */,
			);
			path = SizeCell;
			sourceTree = "<group>";
		};
		8468200723A61738008289BD /* ColorCell */ = {
			isa = PBXGroup;
			children = (
				8468200C23A61780008289BD /* ColorCell.swift */,
				8468200D23A61780008289BD /* ColorCell.xib */,
			);
			path = ColorCell;
			sourceTree = "<group>";
		};
		84734DDA23DED30C00210FA1 /* StoreLocationCell */ = {
			isa = PBXGroup;
			children = (
				84734DDB23DED36B00210FA1 /* StoreLocationCell.swift */,
				84734DDC23DED36B00210FA1 /* StoreLocationCell.xib */,
			);
			path = StoreLocationCell;
			sourceTree = "<group>";
		};
		84734DDF23DED71B00210FA1 /* ViewModel */ = {
			isa = PBXGroup;
			children = (
				84734DE223DEDEC200210FA1 /* StoresViewModel.swift */,
				84734DE023DEDE5500210FA1 /* StoreLocationCellViewModel.swift */,
				84734DE623DF278300210FA1 /* StoreDetailsViewModel.swift */,
			);
			path = ViewModel;
			sourceTree = "<group>";
		};
		84941F6C23E16EDA00586271 /* Contact */ = {
			isa = PBXGroup;
			children = (
				84941F6D23E1707B00586271 /* ContactViewController.swift */,
			);
			path = Contact;
			sourceTree = "<group>";
		};
		84941F6F23E1709000586271 /* SendQuestion */ = {
			isa = PBXGroup;
			children = (
				84941F7223E1795A00586271 /* SendQuestionTableVC.swift */,
			);
			path = SendQuestion;
			sourceTree = "<group>";
		};
		84941F7423E1B35A00586271 /* CustomerService */ = {
			isa = PBXGroup;
			children = (
				84941F7523E1B38300586271 /* CustomerServiceTableVC.swift */,
			);
			path = CustomerService;
			sourceTree = "<group>";
		};
		84941F7723E1BDFE00586271 /* CustomerServiceDetails */ = {
			isa = PBXGroup;
			children = (
				84941F7823E1BE1F00586271 /* CustomerServiceDetailsVC.swift */,
			);
			path = CustomerServiceDetails;
			sourceTree = "<group>";
		};
		84AB36AD2399120400E5C099 /* ViewModel */ = {
			isa = PBXGroup;
			children = (
				84AB36AE2399122100E5C099 /* SignUpViewModel.swift */,
			);
			path = ViewModel;
			sourceTree = "<group>";
		};
		84AB36B223993CE800E5C099 /* OnBoarding */ = {
			isa = PBXGroup;
			children = (
				84AB36B323993D1F00E5C099 /* OnBoardingVC.swift */,
				84AB36B523993D4B00E5C099 /* OnBoardingPageVC.swift */,
				84AB36B723993D7600E5C099 /* OnBoardingScreenVC.swift */,
				8465115D239E7B4F00FDAB31 /* OnBoardingNavigation.swift */,
			);
			path = OnBoarding;
			sourceTree = "<group>";
		};
		84C3D9F723E0710600408D54 /* CustomerSupport */ = {
			isa = PBXGroup;
			children = (
				84C3D9F823E0714500408D54 /* CustomerSupportViewController.swift */,
				84941F6C23E16EDA00586271 /* Contact */,
				84941F6F23E1709000586271 /* SendQuestion */,
				84941F7423E1B35A00586271 /* CustomerService */,
				84941F7723E1BDFE00586271 /* CustomerServiceDetails */,
				84C3D9FA23E0737600408D54 /* OptionCell */,
			);
			path = CustomerSupport;
			sourceTree = "<group>";
		};
		84C3D9FA23E0737600408D54 /* OptionCell */ = {
			isa = PBXGroup;
			children = (
				84C3D9FB23E0739500408D54 /* OptionCell.swift */,
				84C3D9FC23E0739500408D54 /* OptionCell.xib */,
			);
			path = OptionCell;
			sourceTree = "<group>";
		};
		84EBB9C323AA3694008E344C /* CartManager */ = {
			isa = PBXGroup;
			children = (
				84EBB9C423AA36B3008E344C /* CartManager.swift */,
			);
			path = CartManager;
			sourceTree = "<group>";
		};
		84EBB9C623AA41BA008E344C /* ViewModel */ = {
			isa = PBXGroup;
			children = (
				84EBB9C723AA41D5008E344C /* BagViewModel.swift */,
				84EBB9CE23AA4C68008E344C /* CartProductCellViewModel.swift */,
			);
			path = ViewModel;
			sourceTree = "<group>";
		};
		84EBB9C923AA481D008E344C /* CartProductCell */ = {
			isa = PBXGroup;
			children = (
				84EBB9CA23AA484F008E344C /* CartProductCell.swift */,
				84EBB9CB23AA484F008E344C /* CartProductCell.xib */,
			);
			path = CartProductCell;
			sourceTree = "<group>";
		};
		9AC40E0DF48000C62AC6EDA9 /* Pods */ = {
			isa = PBXGroup;
			children = (
				2F587A5B1A2DA48334AB0EDC /* Pods-Storex.debug.xcconfig */,
				FB85F373E6119FC119E9A78C /* Pods-Storex.release.xcconfig */,
			);
			name = Pods;
			sourceTree = "<group>";
		};
		C5AA003A2291DFBA008B2E6B /* Shop */ = {
			isa = PBXGroup;
			children = (
				84430742239FD4E200FCBBFB /* Shop */,
				84430743239FD5B500FCBBFB /* Department */,
				8446374F23A24E4F002825C2 /* ProductDetails */,
			);
			path = Shop;
			sourceTree = "<group>";
		};
		C5AA003B2291DFC1008B2E6B /* Inspiration */ = {
			isa = PBXGroup;
			children = (
				C5AA00362291DF52008B2E6B /* InspirationViewController.swift */,
			);
			path = Inspiration;
			sourceTree = "<group>";
		};
		C5AA003C2291DFCA008B2E6B /* Bag */ = {
			isa = PBXGroup;
			children = (
				842DBC3923D9BD010087D779 /* Bag */,
				842DBC3A23D9BD150087D779 /* EditItem */,
				8446A8B523DD8DF000131758 /* Checkout */,
			);
			path = Bag;
			sourceTree = "<group>";
		};
		C5AA003D2291DFCF008B2E6B /* Stores */ = {
			isa = PBXGroup;
			children = (
				C5AA00382291DF65008B2E6B /* StoresViewController.swift */,
				84734DDA23DED30C00210FA1 /* StoreLocationCell */,
				84734DDF23DED71B00210FA1 /* ViewModel */,
			);
			path = Stores;
			sourceTree = "<group>";
		};
		C5AA003E2291DFDB008B2E6B /* More */ = {
			isa = PBXGroup;
			children = (
				C5FE31EF228CB0DF00A3E0DC /* MoreViewController.swift */,
				84C3D9F723E0710600408D54 /* CustomerSupport */,
			);
			path = More;
			sourceTree = "<group>";
		};
		C5DBEF37229447C200CFA2EF /* Helpers */ = {
			isa = PBXGroup;
			children = (
				C5DBEF38229447C200CFA2EF /* UIView-Customize.swift */,
				C5DBEF3D22944F5900CFA2EF /* KeyboardModifications.swift */,
				8452DD7F2397F41000B21CC9 /* UIButtonLoadingExtension.swift */,
				8452DD812397F46400B21CC9 /* Validation.swift */,
				84AB36B02399150D00E5C099 /* NotificationBannerManager.swift */,
				843EA983239FACE10092701D /* UITableViewNibExtension.swift */,
				8439C25123A0EEE70051FB60 /* UICollectionViewNibExtension.swift */,
				8468201A23A62A03008289BD /* StorexColors.swift */,
				842DBC3D23D9BDE40087D779 /* UIViewController-Extension.swift */,
				84734DE423DF0E3C00210FA1 /* MKMapView-Extension.swift */,
			);
			path = Helpers;
			sourceTree = "<group>";
		};
		C5DBEF3A2294498000CFA2EF /* Sign in */ = {
			isa = PBXGroup;
			children = (
				C5DBEF3B2294499C00CFA2EF /* SignInVC.swift */,
				8452DD7C2397E46800B21CC9 /* ViewModel */,
			);
			path = "Sign in";
			sourceTree = "<group>";
		};
		C5DBEF3F22944FD100CFA2EF /* Sign up */ = {
			isa = PBXGroup;
			children = (
				C5DBEF4022944FE600CFA2EF /* SignUpVC.swift */,
				84AB36AD2399120400E5C099 /* ViewModel */,
			);
			path = "Sign up";
			sourceTree = "<group>";
		};
		C5DBEF422294621000CFA2EF /* Networking */ = {
			isa = PBXGroup;
			children = (
				8452DD782397DA3400B21CC9 /* CustomersService.swift */,
				84430740239FB1B000FCBBFB /* DepartmentsService.swift */,
				8439C24123A0D5B10051FB60 /* CategoriesService.swift */,
				8439C25323A11C830051FB60 /* ProductsService.swift */,
				8468201223A61B80008289BD /* AttributesService.swift */,
				844FA9B823A8DBA1007E3C6D /* ShoppingCartService.swift */,
				844FA9BA23A8DE82007E3C6D /* TaxService.swift */,
				844FA9BC23A8DF7E007E3C6D /* ShippingService.swift */,
				8446A8C023DDB34700131758 /* OrderService.swift */,
			);
			path = Networking;
			sourceTree = "<group>";
		};
		C5DBEF4522946A8300CFA2EF /* Model */ = {
			isa = PBXGroup;
			children = (
				C5DBEF4622946A9200CFA2EF /* Customer.swift */,
				C5DBEF4822946F3800CFA2EF /* Error.swift */,
				8452DD7D2397E4D600B21CC9 /* State.swift */,
				843EA97C239F8EE80092701D /* Department.swift */,
				8439C24323A0D6F80051FB60 /* Category.swift */,
				844FA9AA23A8D39C007E3C6D /* Tax.swift */,
				844FA9B423A8D96C007E3C6D /* Product */,
				844FA9B523A8D97C007E3C6D /* Cart */,
				844FA9B623A8D991007E3C6D /* Shipping */,
				844FA9B723A8D99B007E3C6D /* Order */,
			);
			path = Model;
			sourceTree = "<group>";
		};
		C5FE31E1228CB0DF00A3E0DC = {
			isa = PBXGroup;
			children = (
				C5FE31EC228CB0DF00A3E0DC /* Storex */,
				C5FE31EB228CB0DF00A3E0DC /* Products */,
				9AC40E0DF48000C62AC6EDA9 /* Pods */,
				374CD1125A852A63D98862A0 /* Frameworks */,
			);
			sourceTree = "<group>";
		};
		C5FE31EB228CB0DF00A3E0DC /* Products */ = {
			isa = PBXGroup;
			children = (
				C5FE31EA228CB0DF00A3E0DC /* Storex.app */,
			);
			name = Products;
			sourceTree = "<group>";
		};
		C5FE31EC228CB0DF00A3E0DC /* Storex */ = {
			isa = PBXGroup;
			children = (
				84AB36B223993CE800E5C099 /* OnBoarding */,
				84651157239E766700FDAB31 /* Switcher */,
				8465115A239E77AE00FDAB31 /* MainTabBar */,
				84EBB9C323AA3694008E344C /* CartManager */,
				C5DBEF4522946A8300CFA2EF /* Model */,
				C5DBEF422294621000CFA2EF /* Networking */,
				C5DBEF3F22944FD100CFA2EF /* Sign up */,
				C5DBEF3A2294498000CFA2EF /* Sign in */,
				C5AA003A2291DFBA008B2E6B /* Shop */,
				C5AA003B2291DFC1008B2E6B /* Inspiration */,
				C5AA003C2291DFCA008B2E6B /* Bag */,
				C5AA003D2291DFCF008B2E6B /* Stores */,
				C5AA003E2291DFDB008B2E6B /* More */,
				84174AE523A79B0C007D9162 /* SideMenu */,
				C5DBEF37229447C200CFA2EF /* Helpers */,
				C5FE31ED228CB0DF00A3E0DC /* AppDelegate.swift */,
				C5FE31F3228CB0DF00A3E0DC /* Main.storyboard */,
				C5FE31F6228CB0E000A3E0DC /* Assets.xcassets */,
				C5FE31F8228CB0E000A3E0DC /* LaunchScreen.storyboard */,
				C5FE31FB228CB0E000A3E0DC /* Info.plist */,
			);
			path = Storex;
			sourceTree = "<group>";
		};
/* End PBXGroup section */

/* Begin PBXNativeTarget section */
		C5FE31E9228CB0DF00A3E0DC /* Storex */ = {
			isa = PBXNativeTarget;
			buildConfigurationList = C5FE31FE228CB0E000A3E0DC /* Build configuration list for PBXNativeTarget "Storex" */;
			buildPhases = (
				9B5A1E8853897F0BB447BAAE /* [CP] Check Pods Manifest.lock */,
				C5FE31E6228CB0DF00A3E0DC /* Sources */,
				C5FE31E7228CB0DF00A3E0DC /* Frameworks */,
				C5FE31E8228CB0DF00A3E0DC /* Resources */,
				64C01A70AA5FE9EF4D9BF48D /* [CP] Embed Pods Frameworks */,
			);
			buildRules = (
			);
			dependencies = (
			);
			name = Storex;
			productName = Storex;
			productReference = C5FE31EA228CB0DF00A3E0DC /* Storex.app */;
			productType = "com.apple.product-type.application";
		};
/* End PBXNativeTarget section */

/* Begin PBXProject section */
		C5FE31E2228CB0DF00A3E0DC /* Project object */ = {
			isa = PBXProject;
			attributes = {
				LastSwiftUpdateCheck = 1010;
				LastUpgradeCheck = 1010;
				ORGANIZATIONNAME = KerollesRoshdi;
				TargetAttributes = {
					C5FE31E9228CB0DF00A3E0DC = {
						CreatedOnToolsVersion = 10.1;
						LastSwiftMigration = 1110;
					};
				};
			};
			buildConfigurationList = C5FE31E5228CB0DF00A3E0DC /* Build configuration list for PBXProject "Storex" */;
			compatibilityVersion = "Xcode 9.3";
			developmentRegion = en;
			hasScannedForEncodings = 0;
			knownRegions = (
				en,
				Base,
			);
			mainGroup = C5FE31E1228CB0DF00A3E0DC;
			productRefGroup = C5FE31EB228CB0DF00A3E0DC /* Products */;
			projectDirPath = "";
			projectRoot = "";
			targets = (
				C5FE31E9228CB0DF00A3E0DC /* Storex */,
			);
		};
/* End PBXProject section */

/* Begin PBXResourcesBuildPhase section */
		C5FE31E8228CB0DF00A3E0DC /* Resources */ = {
			isa = PBXResourcesBuildPhase;
			buildActionMask = 2147483647;
			files = (
				8446376223A28689002825C2 /* CustomizeView.xib in Resources */,
				8446375B23A26D58002825C2 /* ProductImageCell.xib in Resources */,
				8439C25023A0EC5A0051FB60 /* CategoryCell.xib in Resources */,
				8468200F23A61780008289BD /* ColorCell.xib in Resources */,
				84734DDE23DED36B00210FA1 /* StoreLocationCell.xib in Resources */,
				C5FE31FA228CB0E000A3E0DC /* LaunchScreen.storyboard in Resources */,
				84C3D9FE23E0739500408D54 /* OptionCell.xib in Resources */,
				C5FE31F7228CB0E000A3E0DC /* Assets.xcassets in Resources */,
				8439C25923A127B30051FB60 /* ProductCell.xib in Resources */,
				C5FE31F5228CB0DF00A3E0DC /* Main.storyboard in Resources */,
				84EBB9CD23AA484F008E344C /* CartProductCell.xib in Resources */,
				8468200B23A6176B008289BD /* SizeCell.xib in Resources */,
				843EA982239FAB410092701D /* DepartmentCell.xib in Resources */,
			);
			runOnlyForDeploymentPostprocessing = 0;
		};
/* End PBXResourcesBuildPhase section */

/* Begin PBXShellScriptBuildPhase section */
		64C01A70AA5FE9EF4D9BF48D /* [CP] Embed Pods Frameworks */ = {
			isa = PBXShellScriptBuildPhase;
			buildActionMask = 2147483647;
			files = (
			);
			inputFileListPaths = (
				"${PODS_ROOT}/Target Support Files/Pods-Storex/Pods-Storex-frameworks-${CONFIGURATION}-input-files.xcfilelist",
			);
			name = "[CP] Embed Pods Frameworks";
			outputFileListPaths = (
				"${PODS_ROOT}/Target Support Files/Pods-Storex/Pods-Storex-frameworks-${CONFIGURATION}-output-files.xcfilelist",
			);
			runOnlyForDeploymentPostprocessing = 0;
			shellPath = /bin/sh;
			shellScript = "\"${PODS_ROOT}/Target Support Files/Pods-Storex/Pods-Storex-frameworks.sh\"\n";
			showEnvVarsInLog = 0;
		};
		9B5A1E8853897F0BB447BAAE /* [CP] Check Pods Manifest.lock */ = {
			isa = PBXShellScriptBuildPhase;
			buildActionMask = 2147483647;
			files = (
			);
			inputPaths = (
				"${PODS_PODFILE_DIR_PATH}/Podfile.lock",
				"${PODS_ROOT}/Manifest.lock",
			);
			name = "[CP] Check Pods Manifest.lock";
			outputPaths = (
				"$(DERIVED_FILE_DIR)/Pods-Storex-checkManifestLockResult.txt",
			);
			runOnlyForDeploymentPostprocessing = 0;
			shellPath = /bin/sh;
			shellScript = "diff \"${PODS_PODFILE_DIR_PATH}/Podfile.lock\" \"${PODS_ROOT}/Manifest.lock\" > /dev/null\nif [ $? != 0 ] ; then\n    # print error to STDERR\n    echo \"error: The sandbox is not in sync with the Podfile.lock. Run 'pod install' or update your CocoaPods installation.\" >&2\n    exit 1\nfi\n# This output is used by Xcode 'outputs' to avoid re-running this script phase.\necho \"SUCCESS\" > \"${SCRIPT_OUTPUT_FILE_0}\"\n";
			showEnvVarsInLog = 0;
		};
/* End PBXShellScriptBuildPhase section */

/* Begin PBXSourcesBuildPhase section */
		C5FE31E6228CB0DF00A3E0DC /* Sources */ = {
			isa = PBXSourcesBuildPhase;
			buildActionMask = 2147483647;
			files = (
				C5AA00372291DF52008B2E6B /* InspirationViewController.swift in Sources */,
				8439C25823A127B30051FB60 /* ProductCell.swift in Sources */,
				C5AA00352291DF41008B2E6B /* ShopViewController.swift in Sources */,
				84EBB9C823AA41D5008E344C /* BagViewModel.swift in Sources */,
				843EA97D239F8EE80092701D /* Department.swift in Sources */,
				84651159239E769D00FDAB31 /* Switcher.swift in Sources */,
				8446A8BD23DDA2CC00131758 /* SelectShippingViewController.swift in Sources */,
				84174AE723A79B4B007D9162 /* SideMenuViewController.swift in Sources */,
				84C3D9F923E0714500408D54 /* CustomerSupportViewController.swift in Sources */,
				84734DE523DF0E3C00210FA1 /* MKMapView-Extension.swift in Sources */,
				8446375A23A26D58002825C2 /* ProductImageCell.swift in Sources */,
				C5DBEF3C2294499C00CFA2EF /* SignInVC.swift in Sources */,
				844FA9A923A8D2FF007E3C6D /* CartTotalAmount.swift in Sources */,
				844FA9BD23A8DF7E007E3C6D /* ShippingService.swift in Sources */,
				84734DE323DEDEC200210FA1 /* StoresViewModel.swift in Sources */,
				84941F6E23E1707B00586271 /* ContactViewController.swift in Sources */,
				84430741239FB1B000FCBBFB /* DepartmentsService.swift in Sources */,
				C5DBEF4922946F3800CFA2EF /* Error.swift in Sources */,
				8452DD7B2397E46300B21CC9 /* SignInViewModel.swift in Sources */,
				84AB36AF2399122100E5C099 /* SignUpViewModel.swift in Sources */,
				8452DD792397DA3400B21CC9 /* CustomersService.swift in Sources */,
				8465115E239E7B4F00FDAB31 /* OnBoardingNavigation.swift in Sources */,
				8468200A23A6176B008289BD /* SizeCell.swift in Sources */,
				8446A8B823DD8E2600131758 /* SelectRegionViewController.swift in Sources */,
				8439C25423A11C830051FB60 /* ProductsService.swift in Sources */,
				8468201523A62575008289BD /* CustomizeViewModel.swift in Sources */,
				842DBC3E23D9BDE40087D779 /* UIViewController-Extension.swift in Sources */,
				84734DE123DEDE5500210FA1 /* StoreLocationCellViewModel.swift in Sources */,
				84EBB9CC23AA484F008E344C /* CartProductCell.swift in Sources */,
				C5DBEF4722946A9200CFA2EF /* Customer.swift in Sources */,
				842DBC3C23D9BD4C0087D779 /* EditItemViewController.swift in Sources */,
				84734DE723DF278300210FA1 /* StoreDetailsViewModel.swift in Sources */,
				8446A8C123DDB34700131758 /* OrderService.swift in Sources */,
				8468201323A61B80008289BD /* AttributesService.swift in Sources */,
				84941F7623E1B38300586271 /* CustomerServiceTableVC.swift in Sources */,
				84AB36B423993D1F00E5C099 /* OnBoardingVC.swift in Sources */,
				844FA9AD23A8D46E007E3C6D /* ShippingRegion.swift in Sources */,
				C5AA00392291DF65008B2E6B /* StoresViewController.swift in Sources */,
				8452DD802397F41000B21CC9 /* UIButtonLoadingExtension.swift in Sources */,
				843EA984239FACE10092701D /* UITableViewNibExtension.swift in Sources */,
				844FA9BB23A8DE82007E3C6D /* TaxService.swift in Sources */,
				C5FE31F2228CB0DF00A3E0DC /* BagViewController.swift in Sources */,
				84EBB9CF23AA4C68008E344C /* CartProductCellViewModel.swift in Sources */,
				8439C24F23A0EC5A0051FB60 /* CategoryCell.swift in Sources */,
				8439C24223A0D5B10051FB60 /* CategoriesService.swift in Sources */,
				8468201723A62717008289BD /* SizeCellViewModel.swift in Sources */,
				C5DBEF39229447C200CFA2EF /* UIView-Customize.swift in Sources */,
				C5DBEF3E22944F5900CFA2EF /* KeyboardModifications.swift in Sources */,
				8468201923A6275B008289BD /* ColorCellViewModel.swift in Sources */,
				8446375D23A26DD5002825C2 /* ProductImageCellViewModel.swift in Sources */,
				8449DCFF239D364D00C3C7A1 /* SignInWithFBViewModel.swift in Sources */,
				843EA97B239F8BF00092701D /* Products.swift in Sources */,
				8468201123A61AC3008289BD /* Attribute.swift in Sources */,
				8446375423A261D0002825C2 /* ProductDetailsViewModel.swift in Sources */,
				8439C24923A0DAAF0051FB60 /* CategoryCellViewModel.swift in Sources */,
				8439C25223A0EEE70051FB60 /* UICollectionViewNibExtension.swift in Sources */,
				844FA9A723A8D1B6007E3C6D /* CartProduct.swift in Sources */,
				842DBC4023D9E1160087D779 /* EditItemViewModel.swift in Sources */,
				8443073D239FB00700FCBBFB /* ShopViewModel.swift in Sources */,
				843EA981239FAB410092701D /* DepartmentCell.swift in Sources */,
				8446A8BA23DD8F1E00131758 /* SelectRegionViewModel.swift in Sources */,
				8446376023A28611002825C2 /* CustomizeView.swift in Sources */,
				8452DD822397F46400B21CC9 /* Validation.swift in Sources */,
				84AB36B823993D7600E5C099 /* OnBoardingScreenVC.swift in Sources */,
				C5FE31EE228CB0DF00A3E0DC /* AppDelegate.swift in Sources */,
				8468201B23A62A03008289BD /* StorexColors.swift in Sources */,
				844FA9B923A8DBA1007E3C6D /* ShoppingCartService.swift in Sources */,
				8468200E23A61780008289BD /* ColorCell.swift in Sources */,
				844FA9B123A8D5EB007E3C6D /* Order.swift in Sources */,
				843EA979239F8A570092701D /* Product.swift in Sources */,
				8446375123A24E94002825C2 /* ProductDetailsViewController.swift in Sources */,
				844FA9B323A8D70F007E3C6D /* OrderShortDetail.swift in Sources */,
				84941F7323E1795A00586271 /* SendQuestionTableVC.swift in Sources */,
				84AB36B623993D4B00E5C099 /* OnBoardingPageVC.swift in Sources */,
				84AB36B12399150D00E5C099 /* NotificationBannerManager.swift in Sources */,
				8465115C239E77E300FDAB31 /* MainTabBarVC.swift in Sources */,
				8446375623A262A9002825C2 /* ProductDetails.swift in Sources */,
				84430745239FD5E600FCBBFB /* DepartmentViewController.swift in Sources */,
				8452DD7E2397E4D600B21CC9 /* State.swift in Sources */,
				8446A8BF23DDA5F400131758 /* SelectShippingViewModel.swift in Sources */,
				84734DDD23DED36B00210FA1 /* StoreLocationCell.swift in Sources */,
				8439C24B23A0DB290051FB60 /* ProductCellViewModel.swift in Sources */,
				8439C24423A0D6F80051FB60 /* Category.swift in Sources */,
				84C3D9FD23E0739500408D54 /* OptionCell.swift in Sources */,
				844FA9A523A8D0FB007E3C6D /* CartUniqueID.swift in Sources */,
				8439C24723A0D8B40051FB60 /* DepartmentViewModel.swift in Sources */,
				8446A8C523DDC48600131758 /* OrderCompleteViewController.swift in Sources */,
				84941F7923E1BE1F00586271 /* CustomerServiceDetailsVC.swift in Sources */,
				C5DBEF4122944FE600CFA2EF /* SignUpVC.swift in Sources */,
				844FA9AB23A8D39C007E3C6D /* Tax.swift in Sources */,
				844FA9AF23A8D4DD007E3C6D /* ShippingType.swift in Sources */,
				84EBB9C523AA36B3008E344C /* CartManager.swift in Sources */,
				8443073F239FB02200FCBBFB /* DepartmentCellViewModel.swift in Sources */,
				C5FE31F0228CB0DF00A3E0DC /* MoreViewController.swift in Sources */,
			);
			runOnlyForDeploymentPostprocessing = 0;
		};
/* End PBXSourcesBuildPhase section */

/* Begin PBXVariantGroup section */
		C5FE31F3228CB0DF00A3E0DC /* Main.storyboard */ = {
			isa = PBXVariantGroup;
			children = (
				C5FE31F4228CB0DF00A3E0DC /* Base */,
			);
			name = Main.storyboard;
			sourceTree = "<group>";
		};
		C5FE31F8228CB0E000A3E0DC /* LaunchScreen.storyboard */ = {
			isa = PBXVariantGroup;
			children = (
				C5FE31F9228CB0E000A3E0DC /* Base */,
			);
			name = LaunchScreen.storyboard;
			sourceTree = "<group>";
		};
/* End PBXVariantGroup section */

/* Begin XCBuildConfiguration section */
		C5FE31FC228CB0E000A3E0DC /* Debug */ = {
			isa = XCBuildConfiguration;
			buildSettings = {
				ALWAYS_SEARCH_USER_PATHS = NO;
				CLANG_ANALYZER_NONNULL = YES;
				CLANG_ANALYZER_NUMBER_OBJECT_CONVERSION = YES_AGGRESSIVE;
				CLANG_CXX_LANGUAGE_STANDARD = "gnu++14";
				CLANG_CXX_LIBRARY = "libc++";
				CLANG_ENABLE_MODULES = YES;
				CLANG_ENABLE_OBJC_ARC = YES;
				CLANG_ENABLE_OBJC_WEAK = YES;
				CLANG_WARN_BLOCK_CAPTURE_AUTORELEASING = YES;
				CLANG_WARN_BOOL_CONVERSION = YES;
				CLANG_WARN_COMMA = YES;
				CLANG_WARN_CONSTANT_CONVERSION = YES;
				CLANG_WARN_DEPRECATED_OBJC_IMPLEMENTATIONS = YES;
				CLANG_WARN_DIRECT_OBJC_ISA_USAGE = YES_ERROR;
				CLANG_WARN_DOCUMENTATION_COMMENTS = YES;
				CLANG_WARN_EMPTY_BODY = YES;
				CLANG_WARN_ENUM_CONVERSION = YES;
				CLANG_WARN_INFINITE_RECURSION = YES;
				CLANG_WARN_INT_CONVERSION = YES;
				CLANG_WARN_NON_LITERAL_NULL_CONVERSION = YES;
				CLANG_WARN_OBJC_IMPLICIT_RETAIN_SELF = YES;
				CLANG_WARN_OBJC_LITERAL_CONVERSION = YES;
				CLANG_WARN_OBJC_ROOT_CLASS = YES_ERROR;
				CLANG_WARN_RANGE_LOOP_ANALYSIS = YES;
				CLANG_WARN_STRICT_PROTOTYPES = YES;
				CLANG_WARN_SUSPICIOUS_MOVE = YES;
				CLANG_WARN_UNGUARDED_AVAILABILITY = YES_AGGRESSIVE;
				CLANG_WARN_UNREACHABLE_CODE = YES;
				CLANG_WARN__DUPLICATE_METHOD_MATCH = YES;
				CODE_SIGN_IDENTITY = "iPhone Developer";
				COPY_PHASE_STRIP = NO;
				DEBUG_INFORMATION_FORMAT = dwarf;
				ENABLE_STRICT_OBJC_MSGSEND = YES;
				ENABLE_TESTABILITY = YES;
				GCC_C_LANGUAGE_STANDARD = gnu11;
				GCC_DYNAMIC_NO_PIC = NO;
				GCC_NO_COMMON_BLOCKS = YES;
				GCC_OPTIMIZATION_LEVEL = 0;
				GCC_PREPROCESSOR_DEFINITIONS = (
					"DEBUG=1",
					"$(inherited)",
				);
				GCC_WARN_64_TO_32_BIT_CONVERSION = YES;
				GCC_WARN_ABOUT_RETURN_TYPE = YES_ERROR;
				GCC_WARN_UNDECLARED_SELECTOR = YES;
				GCC_WARN_UNINITIALIZED_AUTOS = YES_AGGRESSIVE;
				GCC_WARN_UNUSED_FUNCTION = YES;
				GCC_WARN_UNUSED_VARIABLE = YES;
				IPHONEOS_DEPLOYMENT_TARGET = 12.1;
				MTL_ENABLE_DEBUG_INFO = INCLUDE_SOURCE;
				MTL_FAST_MATH = YES;
				ONLY_ACTIVE_ARCH = YES;
				SDKROOT = iphoneos;
				SWIFT_ACTIVE_COMPILATION_CONDITIONS = DEBUG;
				SWIFT_OPTIMIZATION_LEVEL = "-Onone";
			};
			name = Debug;
		};
		C5FE31FD228CB0E000A3E0DC /* Release */ = {
			isa = XCBuildConfiguration;
			buildSettings = {
				ALWAYS_SEARCH_USER_PATHS = NO;
				CLANG_ANALYZER_NONNULL = YES;
				CLANG_ANALYZER_NUMBER_OBJECT_CONVERSION = YES_AGGRESSIVE;
				CLANG_CXX_LANGUAGE_STANDARD = "gnu++14";
				CLANG_CXX_LIBRARY = "libc++";
				CLANG_ENABLE_MODULES = YES;
				CLANG_ENABLE_OBJC_ARC = YES;
				CLANG_ENABLE_OBJC_WEAK = YES;
				CLANG_WARN_BLOCK_CAPTURE_AUTORELEASING = YES;
				CLANG_WARN_BOOL_CONVERSION = YES;
				CLANG_WARN_COMMA = YES;
				CLANG_WARN_CONSTANT_CONVERSION = YES;
				CLANG_WARN_DEPRECATED_OBJC_IMPLEMENTATIONS = YES;
				CLANG_WARN_DIRECT_OBJC_ISA_USAGE = YES_ERROR;
				CLANG_WARN_DOCUMENTATION_COMMENTS = YES;
				CLANG_WARN_EMPTY_BODY = YES;
				CLANG_WARN_ENUM_CONVERSION = YES;
				CLANG_WARN_INFINITE_RECURSION = YES;
				CLANG_WARN_INT_CONVERSION = YES;
				CLANG_WARN_NON_LITERAL_NULL_CONVERSION = YES;
				CLANG_WARN_OBJC_IMPLICIT_RETAIN_SELF = YES;
				CLANG_WARN_OBJC_LITERAL_CONVERSION = YES;
				CLANG_WARN_OBJC_ROOT_CLASS = YES_ERROR;
				CLANG_WARN_RANGE_LOOP_ANALYSIS = YES;
				CLANG_WARN_STRICT_PROTOTYPES = YES;
				CLANG_WARN_SUSPICIOUS_MOVE = YES;
				CLANG_WARN_UNGUARDED_AVAILABILITY = YES_AGGRESSIVE;
				CLANG_WARN_UNREACHABLE_CODE = YES;
				CLANG_WARN__DUPLICATE_METHOD_MATCH = YES;
				CODE_SIGN_IDENTITY = "iPhone Developer";
				COPY_PHASE_STRIP = NO;
				DEBUG_INFORMATION_FORMAT = "dwarf-with-dsym";
				ENABLE_NS_ASSERTIONS = NO;
				ENABLE_STRICT_OBJC_MSGSEND = YES;
				GCC_C_LANGUAGE_STANDARD = gnu11;
				GCC_NO_COMMON_BLOCKS = YES;
				GCC_WARN_64_TO_32_BIT_CONVERSION = YES;
				GCC_WARN_ABOUT_RETURN_TYPE = YES_ERROR;
				GCC_WARN_UNDECLARED_SELECTOR = YES;
				GCC_WARN_UNINITIALIZED_AUTOS = YES_AGGRESSIVE;
				GCC_WARN_UNUSED_FUNCTION = YES;
				GCC_WARN_UNUSED_VARIABLE = YES;
				IPHONEOS_DEPLOYMENT_TARGET = 12.1;
				MTL_ENABLE_DEBUG_INFO = NO;
				MTL_FAST_MATH = YES;
				SDKROOT = iphoneos;
				SWIFT_COMPILATION_MODE = wholemodule;
				SWIFT_OPTIMIZATION_LEVEL = "-O";
				VALIDATE_PRODUCT = YES;
			};
			name = Release;
		};
		C5FE31FF228CB0E000A3E0DC /* Debug */ = {
			isa = XCBuildConfiguration;
			baseConfigurationReference = 2F587A5B1A2DA48334AB0EDC /* Pods-Storex.debug.xcconfig */;
			buildSettings = {
				ASSETCATALOG_COMPILER_APPICON_NAME = AppIcon;
				CODE_SIGN_STYLE = Automatic;
				DEVELOPMENT_TEAM = ZZ36A9WR62;
				INFOPLIST_FILE = Storex/Info.plist;
				LD_RUNPATH_SEARCH_PATHS = (
					"$(inherited)",
					"@executable_path/Frameworks",
				);
				PRODUCT_BUNDLE_IDENTIFIER = com.KerollesRoshdi.Storex;
				PRODUCT_NAME = "$(TARGET_NAME)";
				SWIFT_VERSION = 5.0;
				TARGETED_DEVICE_FAMILY = 1;
			};
			name = Debug;
		};
		C5FE3200228CB0E000A3E0DC /* Release */ = {
			isa = XCBuildConfiguration;
			baseConfigurationReference = FB85F373E6119FC119E9A78C /* Pods-Storex.release.xcconfig */;
			buildSettings = {
				ASSETCATALOG_COMPILER_APPICON_NAME = AppIcon;
				CODE_SIGN_STYLE = Automatic;
				DEVELOPMENT_TEAM = ZZ36A9WR62;
				INFOPLIST_FILE = Storex/Info.plist;
				LD_RUNPATH_SEARCH_PATHS = (
					"$(inherited)",
					"@executable_path/Frameworks",
				);
				PRODUCT_BUNDLE_IDENTIFIER = com.KerollesRoshdi.Storex;
				PRODUCT_NAME = "$(TARGET_NAME)";
				SWIFT_VERSION = 5.0;
				TARGETED_DEVICE_FAMILY = 1;
			};
			name = Release;
		};
/* End XCBuildConfiguration section */

/* Begin XCConfigurationList section */
		C5FE31E5228CB0DF00A3E0DC /* Build configuration list for PBXProject "Storex" */ = {
			isa = XCConfigurationList;
			buildConfigurations = (
				C5FE31FC228CB0E000A3E0DC /* Debug */,
				C5FE31FD228CB0E000A3E0DC /* Release */,
			);
			defaultConfigurationIsVisible = 0;
			defaultConfigurationName = Release;
		};
		C5FE31FE228CB0E000A3E0DC /* Build configuration list for PBXNativeTarget "Storex" */ = {
			isa = XCConfigurationList;
			buildConfigurations = (
				C5FE31FF228CB0E000A3E0DC /* Debug */,
				C5FE3200228CB0E000A3E0DC /* Release */,
			);
			defaultConfigurationIsVisible = 0;
			defaultConfigurationName = Release;
		};
/* End XCConfigurationList section */
	};
	rootObject = C5FE31E2228CB0DF00A3E0DC /* Project object */;
}
